
Microsoft Visual Studio Solution File, Format Version 12.00
# Visual Studio Version 16
VisualStudioVersion = 16.0.29905.134
MinimumVisualStudioVersion = 10.0.40219.1
Project("{FAE04EC0-301F-11D3-BF4B-00C04F79EFBC}") = "B2BCore", "B2BCore\B2BCore.csproj", "{D1ABA0F6-DA58-4A6E-A49A-BEE8AC517697}"
EndProject
Global
	GlobalSection(SolutionConfigurationPlatforms) = preSolution
		Debug|Any CPU = Debug|Any CPU
		Release|Any CPU = Release|Any CPU
	EndGlobalSection
	GlobalSection(ProjectConfigurationPlatforms) = postSolution
		{D1ABA0F6-DA58-4A6E-A49A-BEE8AC517697}.Debug|Any CPU.ActiveCfg = Debug|Any CPU
		{D1ABA0F6-DA58-4A6E-A49A-BEE8AC517697}.Debug|Any CPU.Build.0 = Debug|Any CPU
		{D1ABA0F6-DA58-4A6E-A49A-BEE8AC517697}.Release|Any CPU.ActiveCfg = Release|Any CPU
		{D1ABA0F6-DA58-4A6E-A49A-BEE8AC517697}.Release|Any CPU.Build.0 = Release|Any CPU
	EndGlobalSection
	GlobalSection(SolutionProperties) = preSolution
		HideSolutionNode = FALSE
	EndGlobalSection
	GlobalSection(ExtensibilityGlobals) = postSolution
		SolutionGuid = {8E87F731-00A4-4560-89EB-53F83CEB41D5}
	EndGlobalSection
EndGlobal
